
Microsoft Visual Studio Solution File, Format Version 12.00
# Visual Studio Version 17
VisualStudioVersion = 17.1.32319.34
MinimumVisualStudioVersion = 10.0.40219.1
Project("{FAE04EC0-301F-11D3-BF4B-00C04F79EFBC}") = "Lab4", "Lab4.csproj", "{EC6AC70C-B3C9-43A6-BF6F-AFE06FAB2589}"
EndProject
Project("{FAE04EC0-301F-11D3-BF4B-00C04F79EFBC}") = "Figures", "..\Figures\Figures.csproj", "{C2DDC8B3-ADC3-448F-8B1D-7244BBBE1854}"
EndProject
Global
	GlobalSection(SolutionConfigurationPlatforms) = preSolution
		Debug|Any CPU = Debug|Any CPU
		Release|Any CPU = Release|Any CPU
	EndGlobalSection
	GlobalSection(ProjectConfigurationPlatforms) = postSolution
		{EC6AC70C-B3C9-43A6-BF6F-AFE06FAB2589}.Debug|Any CPU.ActiveCfg = Debug|Any CPU
		{EC6AC70C-B3C9-43A6-BF6F-AFE06FAB2589}.Debug|Any CPU.Build.0 = Debug|Any CPU
		{EC6AC70C-B3C9-43A6-BF6F-AFE06FAB2589}.Release|Any CPU.ActiveCfg = Release|Any CPU
		{EC6AC70C-B3C9-43A6-BF6F-AFE06FAB2589}.Release|Any CPU.Build.0 = Release|Any CPU
		{C2DDC8B3-ADC3-448F-8B1D-7244BBBE1854}.Debug|Any CPU.ActiveCfg = Debug|Any CPU
		{C2DDC8B3-ADC3-448F-8B1D-7244BBBE1854}.Debug|Any CPU.Build.0 = Debug|Any CPU
		{C2DDC8B3-ADC3-448F-8B1D-7244BBBE1854}.Release|Any CPU.ActiveCfg = Release|Any CPU
		{C2DDC8B3-ADC3-448F-8B1D-7244BBBE1854}.Release|Any CPU.Build.0 = Release|Any CPU
	EndGlobalSection
	GlobalSection(SolutionProperties) = preSolution
		HideSolutionNode = FALSE
	EndGlobalSection
	GlobalSection(ExtensibilityGlobals) = postSolution
		SolutionGuid = {14DF1062-269B-4C39-8CEE-2EBCFB7FB357}
	EndGlobalSection
EndGlobal
